
Microsoft Visual Studio Solution File, Format Version 12.00
# Visual Studio Version 17
VisualStudioVersion = 17.8.34330.188
MinimumVisualStudioVersion = 10.0.40219.1
Project("{9A19103F-16F7-4668-BE54-9A1E7A4F7556}") = "OrderProcessor.Producer", "src\OrderProcessor.Producer\OrderProcessor.Producer.csproj", "{3A29FE74-DFA4-49FF-B346-7EF709E1157C}"
EndProject
Global
	GlobalSection(SolutionConfigurationPlatforms) = preSolution
		Debug|Any CPU = Debug|Any CPU
		Release|Any CPU = Release|Any CPU
	EndGlobalSection
	GlobalSection(ProjectConfigurationPlatforms) = postSolution
		{3A29FE74-DFA4-49FF-B346-7EF709E1157C}.Debug|Any CPU.ActiveCfg = Debug|Any CPU
		{3A29FE74-DFA4-49FF-B346-7EF709E1157C}.Debug|Any CPU.Build.0 = Debug|Any CPU
		{3A29FE74-DFA4-49FF-B346-7EF709E1157C}.Release|Any CPU.ActiveCfg = Release|Any CPU
		{3A29FE74-DFA4-49FF-B346-7EF709E1157C}.Release|Any CPU.Build.0 = Release|Any CPU
	EndGlobalSection
	GlobalSection(SolutionProperties) = preSolution
		HideSolutionNode = FALSE
	EndGlobalSection
	GlobalSection(ExtensibilityGlobals) = postSolution
		SolutionGuid = {170E994C-6FF8-41F1-9114-9014A6B87890}
	EndGlobalSection
EndGlobal
